
Microsoft Visual Studio Solution File, Format Version 12.00
# Visual Studio Version 16
VisualStudioVersion = 16.0.810.23
MinimumVisualStudioVersion = 10.0.40219.1
Project("{FAE04EC0-301F-11D3-BF4B-00C04F79EFBC}") = "Client", "Client\Client.csproj", "{E7E50271-141F-4006-A848-6D9AD6763A2D}"
EndProject
Project("{E53339B2-1760-4266-BCC7-CA923CBCF16C}") = "docker-compose", "docker-compose.dcproj", "{FD3ECC74-68A5-470C-9ED8-A7A79A16FAB9}"
EndProject
Global
	GlobalSection(SolutionConfigurationPlatforms) = preSolution
		Debug|Any CPU = Debug|Any CPU
		Release|Any CPU = Release|Any CPU
	EndGlobalSection
	GlobalSection(ProjectConfigurationPlatforms) = postSolution
		{E7E50271-141F-4006-A848-6D9AD6763A2D}.Debug|Any CPU.ActiveCfg = Debug|Any CPU
		{E7E50271-141F-4006-A848-6D9AD6763A2D}.Debug|Any CPU.Build.0 = Debug|Any CPU
		{E7E50271-141F-4006-A848-6D9AD6763A2D}.Release|Any CPU.ActiveCfg = Release|Any CPU
		{E7E50271-141F-4006-A848-6D9AD6763A2D}.Release|Any CPU.Build.0 = Release|Any CPU
		{FD3ECC74-68A5-470C-9ED8-A7A79A16FAB9}.Debug|Any CPU.ActiveCfg = Debug|Any CPU
		{FD3ECC74-68A5-470C-9ED8-A7A79A16FAB9}.Debug|Any CPU.Build.0 = Debug|Any CPU
		{FD3ECC74-68A5-470C-9ED8-A7A79A16FAB9}.Release|Any CPU.ActiveCfg = Release|Any CPU
		{FD3ECC74-68A5-470C-9ED8-A7A79A16FAB9}.Release|Any CPU.Build.0 = Release|Any CPU
	EndGlobalSection
	GlobalSection(SolutionProperties) = preSolution
		HideSolutionNode = FALSE
	EndGlobalSection
	GlobalSection(ExtensibilityGlobals) = postSolution
		SolutionGuid = {981B5AAA-EC51-47B9-A528-BB7B9AE255B9}
	EndGlobalSection
EndGlobal
